
Microsoft Visual Studio Solution File, Format Version 12.00
# Visual Studio Version 17
VisualStudioVersion = 17.4.33122.133
MinimumVisualStudioVersion = 10.0.40219.1
Project("{FAE04EC0-301F-11D3-BF4B-00C04F79EFBC}") = "ThanosCS", "ThanosCS\ThanosCS.csproj", "{66EE9011-7B13-496F-B374-6B7D234026FA}"
EndProject
Global
	GlobalSection(SolutionConfigurationPlatforms) = preSolution
		Debug|Any CPU = Debug|Any CPU
		Release|Any CPU = Release|Any CPU
	EndGlobalSection
	GlobalSection(ProjectConfigurationPlatforms) = postSolution
		{66EE9011-7B13-496F-B374-6B7D234026FA}.Debug|Any CPU.ActiveCfg = Debug|Any CPU
		{66EE9011-7B13-496F-B374-6B7D234026FA}.Debug|Any CPU.Build.0 = Debug|Any CPU
		{66EE9011-7B13-496F-B374-6B7D234026FA}.Release|Any CPU.ActiveCfg = Release|Any CPU
		{66EE9011-7B13-496F-B374-6B7D234026FA}.Release|Any CPU.Build.0 = Release|Any CPU
	EndGlobalSection
	GlobalSection(SolutionProperties) = preSolution
		HideSolutionNode = FALSE
	EndGlobalSection
	GlobalSection(ExtensibilityGlobals) = postSolution
		SolutionGuid = {35E998E5-9842-49B8-B683-14CA91BA8BC4}
	EndGlobalSection
EndGlobal
